
Microsoft Visual Studio Solution File, Format Version 12.00
# Visual Studio 2013
VisualStudioVersion = 12.0.21005.1
MinimumVisualStudioVersion = 10.0.40219.1
Project("{FAE04EC0-301F-11D3-BF4B-00C04F79EFBC}") = "Shapes", "Shapes\Shapes.csproj", "{72D98B7F-F181-4BC8-938D-9C5E7F0DB15D}"
EndProject
Project("{FAE04EC0-301F-11D3-BF4B-00C04F79EFBC}") = "BankTest", "BankTest\BankTest.csproj", "{EC230130-C1D4-43A7-A40F-A6225B10C7E0}"
EndProject
Project("{FAE04EC0-301F-11D3-BF4B-00C04F79EFBC}") = "RangeExceptions", "RangeExceptions\RangeExceptions.csproj", "{7B217807-80A3-414C-85BC-B9B6CB284249}"
EndProject
Global
	GlobalSection(SolutionConfigurationPlatforms) = preSolution
		Debug|Any CPU = Debug|Any CPU
		Release|Any CPU = Release|Any CPU
	EndGlobalSection
	GlobalSection(ProjectConfigurationPlatforms) = postSolution
		{72D98B7F-F181-4BC8-938D-9C5E7F0DB15D}.Debug|Any CPU.ActiveCfg = Debug|Any CPU
		{72D98B7F-F181-4BC8-938D-9C5E7F0DB15D}.Debug|Any CPU.Build.0 = Debug|Any CPU
		{72D98B7F-F181-4BC8-938D-9C5E7F0DB15D}.Release|Any CPU.ActiveCfg = Release|Any CPU
		{72D98B7F-F181-4BC8-938D-9C5E7F0DB15D}.Release|Any CPU.Build.0 = Release|Any CPU
		{EC230130-C1D4-43A7-A40F-A6225B10C7E0}.Debug|Any CPU.ActiveCfg = Debug|Any CPU
		{EC230130-C1D4-43A7-A40F-A6225B10C7E0}.Debug|Any CPU.Build.0 = Debug|Any CPU
		{EC230130-C1D4-43A7-A40F-A6225B10C7E0}.Release|Any CPU.ActiveCfg = Release|Any CPU
		{EC230130-C1D4-43A7-A40F-A6225B10C7E0}.Release|Any CPU.Build.0 = Release|Any CPU
		{7B217807-80A3-414C-85BC-B9B6CB284249}.Debug|Any CPU.ActiveCfg = Debug|Any CPU
		{7B217807-80A3-414C-85BC-B9B6CB284249}.Debug|Any CPU.Build.0 = Debug|Any CPU
		{7B217807-80A3-414C-85BC-B9B6CB284249}.Release|Any CPU.ActiveCfg = Release|Any CPU
		{7B217807-80A3-414C-85BC-B9B6CB284249}.Release|Any CPU.Build.0 = Release|Any CPU
	EndGlobalSection
	GlobalSection(SolutionProperties) = preSolution
		HideSolutionNode = FALSE
	EndGlobalSection
EndGlobal
