
Microsoft Visual Studio Solution File, Format Version 12.00
# Visual Studio 2013
VisualStudioVersion = 12.0.21005.1
MinimumVisualStudioVersion = 10.0.40219.1
Project("{FAE04EC0-301F-11D3-BF4B-00C04F79EFBC}") = "01. CSSOverview", "CSSOverview\01. CSSOverview.csproj", "{D4EA3B43-878C-4434-BC38-D004E3CEC767}"
EndProject
Project("{FAE04EC0-301F-11D3-BF4B-00C04F79EFBC}") = "02. International Employees", "International Employees\02. International Employees.csproj", "{C258734D-6A48-4AE6-A37B-28D241074166}"
EndProject
Project("{FAE04EC0-301F-11D3-BF4B-00C04F79EFBC}") = "ForumPosts", "ForumPosts\ForumPosts.csproj", "{76761CAD-F96D-45E7-9899-0E1AB7C00AD6}"
EndProject
Global
	GlobalSection(SolutionConfigurationPlatforms) = preSolution
		Debug|Any CPU = Debug|Any CPU
		Release|Any CPU = Release|Any CPU
	EndGlobalSection
	GlobalSection(ProjectConfigurationPlatforms) = postSolution
		{D4EA3B43-878C-4434-BC38-D004E3CEC767}.Debug|Any CPU.ActiveCfg = Debug|Any CPU
		{D4EA3B43-878C-4434-BC38-D004E3CEC767}.Debug|Any CPU.Build.0 = Debug|Any CPU
		{D4EA3B43-878C-4434-BC38-D004E3CEC767}.Release|Any CPU.ActiveCfg = Release|Any CPU
		{D4EA3B43-878C-4434-BC38-D004E3CEC767}.Release|Any CPU.Build.0 = Release|Any CPU
		{C258734D-6A48-4AE6-A37B-28D241074166}.Debug|Any CPU.ActiveCfg = Debug|Any CPU
		{C258734D-6A48-4AE6-A37B-28D241074166}.Debug|Any CPU.Build.0 = Debug|Any CPU
		{C258734D-6A48-4AE6-A37B-28D241074166}.Release|Any CPU.ActiveCfg = Release|Any CPU
		{C258734D-6A48-4AE6-A37B-28D241074166}.Release|Any CPU.Build.0 = Release|Any CPU
		{76761CAD-F96D-45E7-9899-0E1AB7C00AD6}.Debug|Any CPU.ActiveCfg = Debug|Any CPU
		{76761CAD-F96D-45E7-9899-0E1AB7C00AD6}.Debug|Any CPU.Build.0 = Debug|Any CPU
		{76761CAD-F96D-45E7-9899-0E1AB7C00AD6}.Release|Any CPU.ActiveCfg = Release|Any CPU
		{76761CAD-F96D-45E7-9899-0E1AB7C00AD6}.Release|Any CPU.Build.0 = Release|Any CPU
	EndGlobalSection
	GlobalSection(SolutionProperties) = preSolution
		HideSolutionNode = FALSE
	EndGlobalSection
EndGlobal
