
Microsoft Visual Studio Solution File, Format Version 12.00
# Visual Studio 2013
VisualStudioVersion = 12.0.21005.1
MinimumVisualStudioVersion = 10.0.40219.1
Project("{FAE04EC0-301F-11D3-BF4B-00C04F79EFBC}") = "Decorator", "Decorator\Decorator.csproj", "{88D484E9-BF28-471C-8807-7BECFB9FCC04}"
EndProject
Project("{FAE04EC0-301F-11D3-BF4B-00C04F79EFBC}") = "Composite", "Composite\Composite.csproj", "{9C48505D-8C0F-4F31-8E95-7481B4ADDF9D}"
EndProject
Project("{FAE04EC0-301F-11D3-BF4B-00C04F79EFBC}") = "Facade", "Facade\Facade.csproj", "{09D103E2-CE45-4387-97F6-CA1C55CE41CF}"
EndProject
Global
	GlobalSection(SolutionConfigurationPlatforms) = preSolution
		Debug|Any CPU = Debug|Any CPU
		Release|Any CPU = Release|Any CPU
	EndGlobalSection
	GlobalSection(ProjectConfigurationPlatforms) = postSolution
		{88D484E9-BF28-471C-8807-7BECFB9FCC04}.Debug|Any CPU.ActiveCfg = Debug|Any CPU
		{88D484E9-BF28-471C-8807-7BECFB9FCC04}.Debug|Any CPU.Build.0 = Debug|Any CPU
		{88D484E9-BF28-471C-8807-7BECFB9FCC04}.Release|Any CPU.ActiveCfg = Release|Any CPU
		{88D484E9-BF28-471C-8807-7BECFB9FCC04}.Release|Any CPU.Build.0 = Release|Any CPU
		{9C48505D-8C0F-4F31-8E95-7481B4ADDF9D}.Debug|Any CPU.ActiveCfg = Debug|Any CPU
		{9C48505D-8C0F-4F31-8E95-7481B4ADDF9D}.Debug|Any CPU.Build.0 = Debug|Any CPU
		{9C48505D-8C0F-4F31-8E95-7481B4ADDF9D}.Release|Any CPU.ActiveCfg = Release|Any CPU
		{9C48505D-8C0F-4F31-8E95-7481B4ADDF9D}.Release|Any CPU.Build.0 = Release|Any CPU
		{09D103E2-CE45-4387-97F6-CA1C55CE41CF}.Debug|Any CPU.ActiveCfg = Debug|Any CPU
		{09D103E2-CE45-4387-97F6-CA1C55CE41CF}.Debug|Any CPU.Build.0 = Debug|Any CPU
		{09D103E2-CE45-4387-97F6-CA1C55CE41CF}.Release|Any CPU.ActiveCfg = Release|Any CPU
		{09D103E2-CE45-4387-97F6-CA1C55CE41CF}.Release|Any CPU.Build.0 = Release|Any CPU
	EndGlobalSection
	GlobalSection(SolutionProperties) = preSolution
		HideSolutionNode = FALSE
	EndGlobalSection
EndGlobal
